
Microsoft Visual Studio Solution File, Format Version 12.00
# Visual Studio Version 17
VisualStudioVersion = 17.0.32014.148
MinimumVisualStudioVersion = 10.0.40219.1
Project("{FAE04EC0-301F-11D3-BF4B-00C04F79EFBC}") = "dopami", "dopami\dopami.csproj", "{45CFBC6E-6798-4AFB-AA6E-410AC6534D4D}"
EndProject
Global
	GlobalSection(SolutionConfigurationPlatforms) = preSolution
		Debug|Any CPU = Debug|Any CPU
		Release|Any CPU = Release|Any CPU
	EndGlobalSection
	GlobalSection(ProjectConfigurationPlatforms) = postSolution
		{45CFBC6E-6798-4AFB-AA6E-410AC6534D4D}.Debug|Any CPU.ActiveCfg = Debug|Any CPU
		{45CFBC6E-6798-4AFB-AA6E-410AC6534D4D}.Debug|Any CPU.Build.0 = Debug|Any CPU
		{45CFBC6E-6798-4AFB-AA6E-410AC6534D4D}.Release|Any CPU.ActiveCfg = Release|Any CPU
		{45CFBC6E-6798-4AFB-AA6E-410AC6534D4D}.Release|Any CPU.Build.0 = Release|Any CPU
	EndGlobalSection
	GlobalSection(SolutionProperties) = preSolution
		HideSolutionNode = FALSE
	EndGlobalSection
	GlobalSection(ExtensibilityGlobals) = postSolution
		SolutionGuid = {EA4210B5-9F7C-481B-AA62-CC3C83924230}
	EndGlobalSection
EndGlobal
